
Microsoft Visual Studio Solution File, Format Version 12.00
# Visual Studio Version 16
VisualStudioVersion = 16.0.31624.102
MinimumVisualStudioVersion = 10.0.40219.1
Project("{FAE04EC0-301F-11D3-BF4B-00C04F79EFBC}") = "FinalTask", "SF.8_FINAL.TASK4\FinalTask.csproj", "{828D3462-C470-4573-83D9-4D9C35D4C7D8}"
EndProject
Global
	GlobalSection(SolutionConfigurationPlatforms) = preSolution
		Debug|Any CPU = Debug|Any CPU
		Release|Any CPU = Release|Any CPU
	EndGlobalSection
	GlobalSection(ProjectConfigurationPlatforms) = postSolution
		{828D3462-C470-4573-83D9-4D9C35D4C7D8}.Debug|Any CPU.ActiveCfg = Debug|Any CPU
		{828D3462-C470-4573-83D9-4D9C35D4C7D8}.Debug|Any CPU.Build.0 = Debug|Any CPU
		{828D3462-C470-4573-83D9-4D9C35D4C7D8}.Release|Any CPU.ActiveCfg = Release|Any CPU
		{828D3462-C470-4573-83D9-4D9C35D4C7D8}.Release|Any CPU.Build.0 = Release|Any CPU
	EndGlobalSection
	GlobalSection(SolutionProperties) = preSolution
		HideSolutionNode = FALSE
	EndGlobalSection
	GlobalSection(ExtensibilityGlobals) = postSolution
		SolutionGuid = {DD22047F-042E-431A-87E0-23DC72A080F4}
	EndGlobalSection
EndGlobal
